{
  "lockfileVersion": 1,
  "configVersion": 1,
  "workspaces": {
    "": {
      "name": "asset-providers",
      "dependencies": {
        "@daslabhq/asset-provider": "workspace:*",
      },
    },
    "packages/asset-provider": {
      "name": "@daslabhq/asset-provider",
      "version": "0.1.0",
    },
  },
  "packages": {
    "@daslabhq/asset-provider": ["@daslabhq/asset-provider@workspace:packages/asset-provider"],
  }
}
